// !$*UTF8*$!
{
	archiveVersion = 1;
	classes = {
	};
	objectVersion = 50;
	objects = {

/* Begin PBXBuildFile section */
		6ECDFDF922C7CA3500C98B51 /* AppDelegate.swift in Sources */ = {isa = PBXBuildFile; fileRef = 6ECDFDF822C7CA3500C98B51 /* AppDelegate.swift */; };
		6ECDFDFB22C7CA3500C98B51 /* ViewController.swift in Sources */ = {isa = PBXBuildFile; fileRef = 6ECDFDFA22C7CA3500C98B51 /* ViewController.swift */; };
		6ECDFDFE22C7CA3500C98B51 /* Main.storyboard in Resources */ = {isa = PBXBuildFile; fileRef = 6ECDFDFC22C7CA3500C98B51 /* Main.storyboard */; };
		6ECDFE0022C7CA3600C98B51 /* Assets.xcassets in Resources */ = {isa = PBXBuildFile; fileRef = 6ECDFDFF22C7CA3600C98B51 /* Assets.xcassets */; };
		6ECDFE0322C7CA3600C98B51 /* LaunchScreen.storyboard in Resources */ = {isa = PBXBuildFile; fileRef = 6ECDFE0122C7CA3600C98B51 /* LaunchScreen.storyboard */; };
		6ECDFE0822C7CA3600C98B51 /* SimpleCommunication WatchKit App.app in Embed Watch Content */ = {isa = PBXBuildFile; fileRef = 6ECDFE0722C7CA3600C98B51 /* SimpleCommunication WatchKit App.app */; };
		6ECDFE0E22C7CA3600C98B51 /* Interface.storyboard in Resources */ = {isa = PBXBuildFile; fileRef = 6ECDFE0C22C7CA3600C98B51 /* Interface.storyboard */; };
		6ECDFE1022C7CA3600C98B51 /* Assets.xcassets in Resources */ = {isa = PBXBuildFile; fileRef = 6ECDFE0F22C7CA3600C98B51 /* Assets.xcassets */; };
		6ECDFE1722C7CA3600C98B51 /* SimpleCommunication WatchKit Extension.appex in Embed App Extensions */ = {isa = PBXBuildFile; fileRef = 6ECDFE1622C7CA3600C98B51 /* SimpleCommunication WatchKit Extension.appex */; settings = {ATTRIBUTES = (RemoveHeadersOnCopy, ); }; };
		6ECDFE1C22C7CA3600C98B51 /* InterfaceController.swift in Sources */ = {isa = PBXBuildFile; fileRef = 6ECDFE1B22C7CA3600C98B51 /* InterfaceController.swift */; };
		6ECDFE1E22C7CA3600C98B51 /* ExtensionDelegate.swift in Sources */ = {isa = PBXBuildFile; fileRef = 6ECDFE1D22C7CA3600C98B51 /* ExtensionDelegate.swift */; };
		6ECDFE2022C7CA3700C98B51 /* Assets.xcassets in Resources */ = {isa = PBXBuildFile; fileRef = 6ECDFE1F22C7CA3700C98B51 /* Assets.xcassets */; };
/* End PBXBuildFile section */

/* Begin PBXContainerItemProxy section */
		6ECDFE0922C7CA3600C98B51 /* PBXContainerItemProxy */ = {
			isa = PBXContainerItemProxy;
			containerPortal = 6ECDFDED22C7CA3500C98B51 /* Project object */;
			proxyType = 1;
			remoteGlobalIDString = 6ECDFE0622C7CA3600C98B51;
			remoteInfo = "SimpleCommunication WatchKit App";
		};
		6ECDFE1822C7CA3600C98B51 /* PBXContainerItemProxy */ = {
			isa = PBXContainerItemProxy;
			containerPortal = 6ECDFDED22C7CA3500C98B51 /* Project object */;
			proxyType = 1;
			remoteGlobalIDString = 6ECDFE1522C7CA3600C98B51;
			remoteInfo = "SimpleCommunication WatchKit Extension";
		};
/* End PBXContainerItemProxy section */

/* Begin PBXCopyFilesBuildPhase section */
		6ECDFE2722C7CA3700C98B51 /* Embed App Extensions */ = {
			isa = PBXCopyFilesBuildPhase;
			buildActionMask = 2147483647;
			dstPath = "";
			dstSubfolderSpec = 13;
			files = (
				6ECDFE1722C7CA3600C98B51 /* SimpleCommunication WatchKit Extension.appex in Embed App Extensions */,
			);
			name = "Embed App Extensions";
			runOnlyForDeploymentPostprocessing = 0;
		};
		6ECDFE2B22C7CA3700C98B51 /* Embed Watch Content */ = {
			isa = PBXCopyFilesBuildPhase;
			buildActionMask = 2147483647;
			dstPath = "$(CONTENTS_FOLDER_PATH)/Watch";
			dstSubfolderSpec = 16;
			files = (
				6ECDFE0822C7CA3600C98B51 /* SimpleCommunication WatchKit App.app in Embed Watch Content */,
			);
			name = "Embed Watch Content";
			runOnlyForDeploymentPostprocessing = 0;
		};
/* End PBXCopyFilesBuildPhase section */

/* Begin PBXFileReference section */
		6ECDFDF522C7CA3500C98B51 /* SimpleCommunication.app */ = {isa = PBXFileReference; explicitFileType = wrapper.application; includeInIndex = 0; path = SimpleCommunication.app; sourceTree = BUILT_PRODUCTS_DIR; };
		6ECDFDF822C7CA3500C98B51 /* AppDelegate.swift */ = {isa = PBXFileReference; lastKnownFileType = sourcecode.swift; path = AppDelegate.swift; sourceTree = "<group>"; };
		6ECDFDFA22C7CA3500C98B51 /* ViewController.swift */ = {isa = PBXFileReference; lastKnownFileType = sourcecode.swift; path = ViewController.swift; sourceTree = "<group>"; };
		6ECDFDFD22C7CA3500C98B51 /* Base */ = {isa = PBXFileReference; lastKnownFileType = file.storyboard; name = Base; path = Base.lproj/Main.storyboard; sourceTree = "<group>"; };
		6ECDFDFF22C7CA3600C98B51 /* Assets.xcassets */ = {isa = PBXFileReference; lastKnownFileType = folder.assetcatalog; path = Assets.xcassets; sourceTree = "<group>"; };
		6ECDFE0222C7CA3600C98B51 /* Base */ = {isa = PBXFileReference; lastKnownFileType = file.storyboard; name = Base; path = Base.lproj/LaunchScreen.storyboard; sourceTree = "<group>"; };
		6ECDFE0422C7CA3600C98B51 /* Info.plist */ = {isa = PBXFileReference; lastKnownFileType = text.plist.xml; path = Info.plist; sourceTree = "<group>"; };
		6ECDFE0722C7CA3600C98B51 /* SimpleCommunication WatchKit App.app */ = {isa = PBXFileReference; explicitFileType = wrapper.application; includeInIndex = 0; path = "SimpleCommunication WatchKit App.app"; sourceTree = BUILT_PRODUCTS_DIR; };
		6ECDFE0D22C7CA3600C98B51 /* Base */ = {isa = PBXFileReference; lastKnownFileType = file.storyboard; name = Base; path = Base.lproj/Interface.storyboard; sourceTree = "<group>"; };
		6ECDFE0F22C7CA3600C98B51 /* Assets.xcassets */ = {isa = PBXFileReference; lastKnownFileType = folder.assetcatalog; path = Assets.xcassets; sourceTree = "<group>"; };
		6ECDFE1122C7CA3600C98B51 /* Info.plist */ = {isa = PBXFileReference; lastKnownFileType = text.plist.xml; path = Info.plist; sourceTree = "<group>"; };
		6ECDFE1622C7CA3600C98B51 /* SimpleCommunication WatchKit Extension.appex */ = {isa = PBXFileReference; explicitFileType = "wrapper.app-extension"; includeInIndex = 0; path = "SimpleCommunication WatchKit Extension.appex"; sourceTree = BUILT_PRODUCTS_DIR; };
		6ECDFE1B22C7CA3600C98B51 /* InterfaceController.swift */ = {isa = PBXFileReference; lastKnownFileType = sourcecode.swift; path = InterfaceController.swift; sourceTree = "<group>"; };
		6ECDFE1D22C7CA3600C98B51 /* ExtensionDelegate.swift */ = {isa = PBXFileReference; lastKnownFileType = sourcecode.swift; path = ExtensionDelegate.swift; sourceTree = "<group>"; };
		6ECDFE1F22C7CA3700C98B51 /* Assets.xcassets */ = {isa = PBXFileReference; lastKnownFileType = folder.assetcatalog; path = Assets.xcassets; sourceTree = "<group>"; };
		6ECDFE2122C7CA3700C98B51 /* Info.plist */ = {isa = PBXFileReference; lastKnownFileType = text.plist.xml; path = Info.plist; sourceTree = "<group>"; };
/* End PBXFileReference section */

/* Begin PBXFrameworksBuildPhase section */
		6ECDFDF222C7CA3500C98B51 /* Frameworks */ = {
			isa = PBXFrameworksBuildPhase;
			buildActionMask = 2147483647;
			files = (
			);
			runOnlyForDeploymentPostprocessing = 0;
		};
		6ECDFE1322C7CA3600C98B51 /* Frameworks */ = {
			isa = PBXFrameworksBuildPhase;
			buildActionMask = 2147483647;
			files = (
			);
			runOnlyForDeploymentPostprocessing = 0;
		};
/* End PBXFrameworksBuildPhase section */

/* Begin PBXGroup section */
		6ECDFDEC22C7CA3500C98B51 = {
			isa = PBXGroup;
			children = (
				6ECDFDF722C7CA3500C98B51 /* SimpleCommunication */,
				6ECDFE0B22C7CA3600C98B51 /* SimpleCommunication WatchKit App */,
				6ECDFE1A22C7CA3600C98B51 /* SimpleCommunication WatchKit Extension */,
				6ECDFDF622C7CA3500C98B51 /* Products */,
			);
			sourceTree = "<group>";
		};
		6ECDFDF622C7CA3500C98B51 /* Products */ = {
			isa = PBXGroup;
			children = (
				6ECDFDF522C7CA3500C98B51 /* SimpleCommunication.app */,
				6ECDFE0722C7CA3600C98B51 /* SimpleCommunication WatchKit App.app */,
				6ECDFE1622C7CA3600C98B51 /* SimpleCommunication WatchKit Extension.appex */,
			);
			name = Products;
			sourceTree = "<group>";
		};
		6ECDFDF722C7CA3500C98B51 /* SimpleCommunication */ = {
			isa = PBXGroup;
			children = (
				6ECDFDF822C7CA3500C98B51 /* AppDelegate.swift */,
				6ECDFDFA22C7CA3500C98B51 /* ViewController.swift */,
				6ECDFDFC22C7CA3500C98B51 /* Main.storyboard */,
				6ECDFDFF22C7CA3600C98B51 /* Assets.xcassets */,
				6ECDFE0122C7CA3600C98B51 /* LaunchScreen.storyboard */,
				6ECDFE0422C7CA3600C98B51 /* Info.plist */,
			);
			path = SimpleCommunication;
			sourceTree = "<group>";
		};
		6ECDFE0B22C7CA3600C98B51 /* SimpleCommunication WatchKit App */ = {
			isa = PBXGroup;
			children = (
				6ECDFE0C22C7CA3600C98B51 /* Interface.storyboard */,
				6ECDFE0F22C7CA3600C98B51 /* Assets.xcassets */,
				6ECDFE1122C7CA3600C98B51 /* Info.plist */,
			);
			path = "SimpleCommunication WatchKit App";
			sourceTree = "<group>";
		};
		6ECDFE1A22C7CA3600C98B51 /* SimpleCommunication WatchKit Extension */ = {
			isa = PBXGroup;
			children = (
				6ECDFE1B22C7CA3600C98B51 /* InterfaceController.swift */,
				6ECDFE1D22C7CA3600C98B51 /* ExtensionDelegate.swift */,
				6ECDFE1F22C7CA3700C98B51 /* Assets.xcassets */,
				6ECDFE2122C7CA3700C98B51 /* Info.plist */,
			);
			path = "SimpleCommunication WatchKit Extension";
			sourceTree = "<group>";
		};
/* End PBXGroup section */

/* Begin PBXNativeTarget section */
		6ECDFDF422C7CA3500C98B51 /* SimpleCommunication */ = {
			isa = PBXNativeTarget;
			buildConfigurationList = 6ECDFE2C22C7CA3700C98B51 /* Build configuration list for PBXNativeTarget "SimpleCommunication" */;
			buildPhases = (
				6ECDFDF122C7CA3500C98B51 /* Sources */,
				6ECDFDF222C7CA3500C98B51 /* Frameworks */,
				6ECDFDF322C7CA3500C98B51 /* Resources */,
				6ECDFE2B22C7CA3700C98B51 /* Embed Watch Content */,
			);
			buildRules = (
			);
			dependencies = (
				6ECDFE0A22C7CA3600C98B51 /* PBXTargetDependency */,
			);
			name = SimpleCommunication;
			productName = SimpleCommunication;
			productReference = 6ECDFDF522C7CA3500C98B51 /* SimpleCommunication.app */;
			productType = "com.apple.product-type.application";
		};
		6ECDFE0622C7CA3600C98B51 /* SimpleCommunication WatchKit App */ = {
			isa = PBXNativeTarget;
			buildConfigurationList = 6ECDFE2822C7CA3700C98B51 /* Build configuration list for PBXNativeTarget "SimpleCommunication WatchKit App" */;
			buildPhases = (
				6ECDFE0522C7CA3600C98B51 /* Resources */,
				6ECDFE2722C7CA3700C98B51 /* Embed App Extensions */,
			);
			buildRules = (
			);
			dependencies = (
				6ECDFE1922C7CA3600C98B51 /* PBXTargetDependency */,
			);
			name = "SimpleCommunication WatchKit App";
			productName = "SimpleCommunication WatchKit App";
			productReference = 6ECDFE0722C7CA3600C98B51 /* SimpleCommunication WatchKit App.app */;
			productType = "com.apple.product-type.application.watchapp2";
		};
		6ECDFE1522C7CA3600C98B51 /* SimpleCommunication WatchKit Extension */ = {
			isa = PBXNativeTarget;
			buildConfigurationList = 6ECDFE2422C7CA3700C98B51 /* Build configuration list for PBXNativeTarget "SimpleCommunication WatchKit Extension" */;
			buildPhases = (
				6ECDFE1222C7CA3600C98B51 /* Sources */,
				6ECDFE1322C7CA3600C98B51 /* Frameworks */,
				6ECDFE1422C7CA3600C98B51 /* Resources */,
			);
			buildRules = (
			);
			dependencies = (
			);
			name = "SimpleCommunication WatchKit Extension";
			productName = "SimpleCommunication WatchKit Extension";
			productReference = 6ECDFE1622C7CA3600C98B51 /* SimpleCommunication WatchKit Extension.appex */;
			productType = "com.apple.product-type.watchkit2-extension";
		};
/* End PBXNativeTarget section */

/* Begin PBXProject section */
		6ECDFDED22C7CA3500C98B51 /* Project object */ = {
			isa = PBXProject;
			attributes = {
				LastSwiftUpdateCheck = 1020;
				LastUpgradeCheck = 1020;
				ORGANIZATIONNAME = "Mitali Ahir";
				TargetAttributes = {
					6ECDFDF422C7CA3500C98B51 = {
						CreatedOnToolsVersion = 10.2.1;
					};
					6ECDFE0622C7CA3600C98B51 = {
						CreatedOnToolsVersion = 10.2.1;
					};
					6ECDFE1522C7CA3600C98B51 = {
						CreatedOnToolsVersion = 10.2.1;
					};
				};
			};
			buildConfigurationList = 6ECDFDF022C7CA3500C98B51 /* Build configuration list for PBXProject "SimpleCommunication" */;
			compatibilityVersion = "Xcode 9.3";
			developmentRegion = en;
			hasScannedForEncodings = 0;
			knownRegions = (
				en,
				Base,
			);
			mainGroup = 6ECDFDEC22C7CA3500C98B51;
			productRefGroup = 6ECDFDF622C7CA3500C98B51 /* Products */;
			projectDirPath = "";
			projectRoot = "";
			targets = (
				6ECDFDF422C7CA3500C98B51 /* SimpleCommunication */,
				6ECDFE0622C7CA3600C98B51 /* SimpleCommunication WatchKit App */,
				6ECDFE1522C7CA3600C98B51 /* SimpleCommunication WatchKit Extension */,
			);
		};
/* End PBXProject section */

/* Begin PBXResourcesBuildPhase section */
		6ECDFDF322C7CA3500C98B51 /* Resources */ = {
			isa = PBXResourcesBuildPhase;
			buildActionMask = 2147483647;
			files = (
				6ECDFE0322C7CA3600C98B51 /* LaunchScreen.storyboard in Resources */,
				6ECDFE0022C7CA3600C98B51 /* Assets.xcassets in Resources */,
				6ECDFDFE22C7CA3500C98B51 /* Main.storyboard in Resources */,
			);
			runOnlyForDeploymentPostprocessing = 0;
		};
		6ECDFE0522C7CA3600C98B51 /* Resources */ = {
			isa = PBXResourcesBuildPhase;
			buildActionMask = 2147483647;
			files = (
				6ECDFE1022C7CA3600C98B51 /* Assets.xcassets in Resources */,
				6ECDFE0E22C7CA3600C98B51 /* Interface.storyboard in Resources */,
			);
			runOnlyForDeploymentPostprocessing = 0;
		};
		6ECDFE1422C7CA3600C98B51 /* Resources */ = {
			isa = PBXResourcesBuildPhase;
			buildActionMask = 2147483647;
			files = (
				6ECDFE2022C7CA3700C98B51 /* Assets.xcassets in Resources */,
			);
			runOnlyForDeploymentPostprocessing = 0;
		};
/* End PBXResourcesBuildPhase section */

/* Begin PBXSourcesBuildPhase section */
		6ECDFDF122C7CA3500C98B51 /* Sources */ = {
			isa = PBXSourcesBuildPhase;
			buildActionMask = 2147483647;
			files = (
				6ECDFDFB22C7CA3500C98B51 /* ViewController.swift in Sources */,
				6ECDFDF922C7CA3500C98B51 /* AppDelegate.swift in Sources */,
			);
			runOnlyForDeploymentPostprocessing = 0;
		};
		6ECDFE1222C7CA3600C98B51 /* Sources */ = {
			isa = PBXSourcesBuildPhase;
			buildActionMask = 2147483647;
			files = (
				6ECDFE1E22C7CA3600C98B51 /* ExtensionDelegate.swift in Sources */,
				6ECDFE1C22C7CA3600C98B51 /* InterfaceController.swift in Sources */,
			);
			runOnlyForDeploymentPostprocessing = 0;
		};
/* End PBXSourcesBuildPhase section */

/* Begin PBXTargetDependency section */
		6ECDFE0A22C7CA3600C98B51 /* PBXTargetDependency */ = {
			isa = PBXTargetDependency;
			target = 6ECDFE0622C7CA3600C98B51 /* SimpleCommunication WatchKit App */;
			targetProxy = 6ECDFE0922C7CA3600C98B51 /* PBXContainerItemProxy */;
		};
		6ECDFE1922C7CA3600C98B51 /* PBXTargetDependency */ = {
			isa = PBXTargetDependency;
			target = 6ECDFE1522C7CA3600C98B51 /* SimpleCommunication WatchKit Extension */;
			targetProxy = 6ECDFE1822C7CA3600C98B51 /* PBXContainerItemProxy */;
		};
/* End PBXTargetDependency section */

/* Begin PBXVariantGroup section */
		6ECDFDFC22C7CA3500C98B51 /* Main.storyboard */ = {
			isa = PBXVariantGroup;
			children = (
				6ECDFDFD22C7CA3500C98B51 /* Base */,
			);
			name = Main.storyboard;
			sourceTree = "<group>";
		};
		6ECDFE0122C7CA3600C98B51 /* LaunchScreen.storyboard */ = {
			isa = PBXVariantGroup;
			children = (
				6ECDFE0222C7CA3600C98B51 /* Base */,
			);
			name = LaunchScreen.storyboard;
			sourceTree = "<group>";
		};
		6ECDFE0C22C7CA3600C98B51 /* Interface.storyboard */ = {
			isa = PBXVariantGroup;
			children = (
				6ECDFE0D22C7CA3600C98B51 /* Base */,
			);
			name = Interface.storyboard;
			sourceTree = "<group>";
		};
/* End PBXVariantGroup section */

/* Begin XCBuildConfiguration section */
		6ECDFE2222C7CA3700C98B51 /* Debug */ = {
			isa = XCBuildConfiguration;
			buildSettings = {
				ALWAYS_SEARCH_USER_PATHS = NO;
				CLANG_ANALYZER_NONNULL = YES;
				CLANG_ANALYZER_NUMBER_OBJECT_CONVERSION = YES_AGGRESSIVE;
				CLANG_CXX_LANGUAGE_STANDARD = "gnu++14";
				CLANG_CXX_LIBRARY = "libc++";
				CLANG_ENABLE_MODULES = YES;
				CLANG_ENABLE_OBJC_ARC = YES;
				CLANG_ENABLE_OBJC_WEAK = YES;
				CLANG_WARN_BLOCK_CAPTURE_AUTORELEASING = YES;
				CLANG_WARN_BOOL_CONVERSION = YES;
				CLANG_WARN_COMMA = YES;
				CLANG_WARN_CONSTANT_CONVERSION = YES;
				CLANG_WARN_DEPRECATED_OBJC_IMPLEMENTATIONS = YES;
				CLANG_WARN_DIRECT_OBJC_ISA_USAGE = YES_ERROR;
				CLANG_WARN_DOCUMENTATION_COMMENTS = YES;
				CLANG_WARN_EMPTY_BODY = YES;
				CLANG_WARN_ENUM_CONVERSION = YES;
				CLANG_WARN_INFINITE_RECURSION = YES;
				CLANG_WARN_INT_CONVERSION = YES;
				CLANG_WARN_NON_LITERAL_NULL_CONVERSION = YES;
				CLANG_WARN_OBJC_IMPLICIT_RETAIN_SELF = YES;
				CLANG_WARN_OBJC_LITERAL_CONVERSION = YES;
				CLANG_WARN_OBJC_ROOT_CLASS = YES_ERROR;
				CLANG_WARN_RANGE_LOOP_ANALYSIS = YES;
				CLANG_WARN_STRICT_PROTOTYPES = YES;
				CLANG_WARN_SUSPICIOUS_MOVE = YES;
				CLANG_WARN_UNGUARDED_AVAILABILITY = YES_AGGRESSIVE;
				CLANG_WARN_UNREACHABLE_CODE = YES;
				CLANG_WARN__DUPLICATE_METHOD_MATCH = YES;
				CODE_SIGN_IDENTITY = "iPhone Developer";
				COPY_PHASE_STRIP = NO;
				DEBUG_INFORMATION_FORMAT = dwarf;
				ENABLE_STRICT_OBJC_MSGSEND = YES;
				ENABLE_TESTABILITY = YES;
				GCC_C_LANGUAGE_STANDARD = gnu11;
				GCC_DYNAMIC_NO_PIC = NO;
				GCC_NO_COMMON_BLOCKS = YES;
				GCC_OPTIMIZATION_LEVEL = 0;
				GCC_PREPROCESSOR_DEFINITIONS = (
					"DEBUG=1",
					"$(inherited)",
				);
				GCC_WARN_64_TO_32_BIT_CONVERSION = YES;
				GCC_WARN_ABOUT_RETURN_TYPE = YES_ERROR;
				GCC_WARN_UNDECLARED_SELECTOR = YES;
				GCC_WARN_UNINITIALIZED_AUTOS = YES_AGGRESSIVE;
				GCC_WARN_UNUSED_FUNCTION = YES;
				GCC_WARN_UNUSED_VARIABLE = YES;
				IPHONEOS_DEPLOYMENT_TARGET = 12.2;
				MTL_ENABLE_DEBUG_INFO = INCLUDE_SOURCE;
				MTL_FAST_MATH = YES;
				ONLY_ACTIVE_ARCH = YES;
				SDKROOT = iphoneos;
				SWIFT_ACTIVE_COMPILATION_CONDITIONS = DEBUG;
				SWIFT_OPTIMIZATION_LEVEL = "-Onone";
			};
			name = Debug;
		};
		6ECDFE2322C7CA3700C98B51 /* Release */ = {
			isa = XCBuildConfiguration;
			buildSettings = {
				ALWAYS_SEARCH_USER_PATHS = NO;
				CLANG_ANALYZER_NONNULL = YES;
				CLANG_ANALYZER_NUMBER_OBJECT_CONVERSION = YES_AGGRESSIVE;
				CLANG_CXX_LANGUAGE_STANDARD = "gnu++14";
				CLANG_CXX_LIBRARY = "libc++";
				CLANG_ENABLE_MODULES = YES;
				CLANG_ENABLE_OBJC_ARC = YES;
				CLANG_ENABLE_OBJC_WEAK = YES;
				CLANG_WARN_BLOCK_CAPTURE_AUTORELEASING = YES;
				CLANG_WARN_BOOL_CONVERSION = YES;
				CLANG_WARN_COMMA = YES;
				CLANG_WARN_CONSTANT_CONVERSION = YES;
				CLANG_WARN_DEPRECATED_OBJC_IMPLEMENTATIONS = YES;
				CLANG_WARN_DIRECT_OBJC_ISA_USAGE = YES_ERROR;
				CLANG_WARN_DOCUMENTATION_COMMENTS = YES;
				CLANG_WARN_EMPTY_BODY = YES;
				CLANG_WARN_ENUM_CONVERSION = YES;
				CLANG_WARN_INFINITE_RECURSION = YES;
				CLANG_WARN_INT_CONVERSION = YES;
				CLANG_WARN_NON_LITERAL_NULL_CONVERSION = YES;
				CLANG_WARN_OBJC_IMPLICIT_RETAIN_SELF = YES;
				CLANG_WARN_OBJC_LITERAL_CONVERSION = YES;
				CLANG_WARN_OBJC_ROOT_CLASS = YES_ERROR;
				CLANG_WARN_RANGE_LOOP_ANALYSIS = YES;
				CLANG_WARN_STRICT_PROTOTYPES = YES;
				CLANG_WARN_SUSPICIOUS_MOVE = YES;
				CLANG_WARN_UNGUARDED_AVAILABILITY = YES_AGGRESSIVE;
				CLANG_WARN_UNREACHABLE_CODE = YES;
				CLANG_WARN__DUPLICATE_METHOD_MATCH = YES;
				CODE_SIGN_IDENTITY = "iPhone Developer";
				COPY_PHASE_STRIP = NO;
				DEBUG_INFORMATION_FORMAT = "dwarf-with-dsym";
				ENABLE_NS_ASSERTIONS = NO;
				ENABLE_STRICT_OBJC_MSGSEND = YES;
				GCC_C_LANGUAGE_STANDARD = gnu11;
				GCC_NO_COMMON_BLOCKS = YES;
				GCC_WARN_64_TO_32_BIT_CONVERSION = YES;
				GCC_WARN_ABOUT_RETURN_TYPE = YES_ERROR;
				GCC_WARN_UNDECLARED_SELECTOR = YES;
				GCC_WARN_UNINITIALIZED_AUTOS = YES_AGGRESSIVE;
				GCC_WARN_UNUSED_FUNCTION = YES;
				GCC_WARN_UNUSED_VARIABLE = YES;
				IPHONEOS_DEPLOYMENT_TARGET = 12.2;
				MTL_ENABLE_DEBUG_INFO = NO;
				MTL_FAST_MATH = YES;
				SDKROOT = iphoneos;
				SWIFT_COMPILATION_MODE = wholemodule;
				SWIFT_OPTIMIZATION_LEVEL = "-O";
				VALIDATE_PRODUCT = YES;
			};
			name = Release;
		};
		6ECDFE2522C7CA3700C98B51 /* Debug */ = {
			isa = XCBuildConfiguration;
			buildSettings = {
				ASSETCATALOG_COMPILER_COMPLICATION_NAME = Complication;
				CODE_SIGN_STYLE = Automatic;
				INFOPLIST_FILE = "SimpleCommunication WatchKit Extension/Info.plist";
				LD_RUNPATH_SEARCH_PATHS = (
					"$(inherited)",
					"@executable_path/Frameworks",
					"@executable_path/../../Frameworks",
				);
				PRODUCT_BUNDLE_IDENTIFIER = com.mitali.SimpleCommunication.watchkitapp.watchkitextension;
				PRODUCT_NAME = "${TARGET_NAME}";
				SDKROOT = watchos;
				SKIP_INSTALL = YES;
				SWIFT_VERSION = 5.0;
				TARGETED_DEVICE_FAMILY = 4;
				WATCHOS_DEPLOYMENT_TARGET = 5.2;
			};
			name = Debug;
		};
		6ECDFE2622C7CA3700C98B51 /* Release */ = {
			isa = XCBuildConfiguration;
			buildSettings = {
				ASSETCATALOG_COMPILER_COMPLICATION_NAME = Complication;
				CODE_SIGN_STYLE = Automatic;
				INFOPLIST_FILE = "SimpleCommunication WatchKit Extension/Info.plist";
				LD_RUNPATH_SEARCH_PATHS = (
					"$(inherited)",
					"@executable_path/Frameworks",
					"@executable_path/../../Frameworks",
				);
				PRODUCT_BUNDLE_IDENTIFIER = com.mitali.SimpleCommunication.watchkitapp.watchkitextension;
				PRODUCT_NAME = "${TARGET_NAME}";
				SDKROOT = watchos;
				SKIP_INSTALL = YES;
				SWIFT_VERSION = 5.0;
				TARGETED_DEVICE_FAMILY = 4;
				WATCHOS_DEPLOYMENT_TARGET = 5.2;
			};
			name = Release;
		};
		6ECDFE2922C7CA3700C98B51 /* Debug */ = {
			isa = XCBuildConfiguration;
			buildSettings = {
				ALWAYS_EMBED_SWIFT_STANDARD_LIBRARIES = YES;
				ASSETCATALOG_COMPILER_APPICON_NAME = AppIcon;
				CODE_SIGN_STYLE = Automatic;
				IBSC_MODULE = SimpleCommunication_WatchKit_Extension;
				INFOPLIST_FILE = "SimpleCommunication WatchKit App/Info.plist";
				PRODUCT_BUNDLE_IDENTIFIER = com.mitali.SimpleCommunication.watchkitapp;
				PRODUCT_NAME = "$(TARGET_NAME)";
				SDKROOT = watchos;
				SKIP_INSTALL = YES;
				SWIFT_VERSION = 5.0;
				TARGETED_DEVICE_FAMILY = 4;
				WATCHOS_DEPLOYMENT_TARGET = 5.2;
			};
			name = Debug;
		};
		6ECDFE2A22C7CA3700C98B51 /* Release */ = {
			isa = XCBuildConfiguration;
			buildSettings = {
				ALWAYS_EMBED_SWIFT_STANDARD_LIBRARIES = YES;
				ASSETCATALOG_COMPILER_APPICON_NAME = AppIcon;
				CODE_SIGN_STYLE = Automatic;
				IBSC_MODULE = SimpleCommunication_WatchKit_Extension;
				INFOPLIST_FILE = "SimpleCommunication WatchKit App/Info.plist";
				PRODUCT_BUNDLE_IDENTIFIER = com.mitali.SimpleCommunication.watchkitapp;
				PRODUCT_NAME = "$(TARGET_NAME)";
				SDKROOT = watchos;
				SKIP_INSTALL = YES;
				SWIFT_VERSION = 5.0;
				TARGETED_DEVICE_FAMILY = 4;
				WATCHOS_DEPLOYMENT_TARGET = 5.2;
			};
			name = Release;
		};
		6ECDFE2D22C7CA3700C98B51 /* Debug */ = {
			isa = XCBuildConfiguration;
			buildSettings = {
				ASSETCATALOG_COMPILER_APPICON_NAME = AppIcon;
				CODE_SIGN_STYLE = Automatic;
				INFOPLIST_FILE = SimpleCommunication/Info.plist;
				LD_RUNPATH_SEARCH_PATHS = (
					"$(inherited)",
					"@executable_path/Frameworks",
				);
				PRODUCT_BUNDLE_IDENTIFIER = com.mitali.SimpleCommunication;
				PRODUCT_NAME = "$(TARGET_NAME)";
				SWIFT_VERSION = 5.0;
				TARGETED_DEVICE_FAMILY = "1,2";
			};
			name = Debug;
		};
		6ECDFE2E22C7CA3700C98B51 /* Release */ = {
			isa = XCBuildConfiguration;
			buildSettings = {
				ASSETCATALOG_COMPILER_APPICON_NAME = AppIcon;
				CODE_SIGN_STYLE = Automatic;
				INFOPLIST_FILE = SimpleCommunication/Info.plist;
				LD_RUNPATH_SEARCH_PATHS = (
					"$(inherited)",
					"@executable_path/Frameworks",
				);
				PRODUCT_BUNDLE_IDENTIFIER = com.mitali.SimpleCommunication;
				PRODUCT_NAME = "$(TARGET_NAME)";
				SWIFT_VERSION = 5.0;
				TARGETED_DEVICE_FAMILY = "1,2";
			};
			name = Release;
		};
/* End XCBuildConfiguration section */

/* Begin XCConfigurationList section */
		6ECDFDF022C7CA3500C98B51 /* Build configuration list for PBXProject "SimpleCommunication" */ = {
			isa = XCConfigurationList;
			buildConfigurations = (
				6ECDFE2222C7CA3700C98B51 /* Debug */,
				6ECDFE2322C7CA3700C98B51 /* Release */,
			);
			defaultConfigurationIsVisible = 0;
			defaultConfigurationName = Release;
		};
		6ECDFE2422C7CA3700C98B51 /* Build configuration list for PBXNativeTarget "SimpleCommunication WatchKit Extension" */ = {
			isa = XCConfigurationList;
			buildConfigurations = (
				6ECDFE2522C7CA3700C98B51 /* Debug */,
				6ECDFE2622C7CA3700C98B51 /* Release */,
			);
			defaultConfigurationIsVisible = 0;
			defaultConfigurationName = Release;
		};
		6ECDFE2822C7CA3700C98B51 /* Build configuration list for PBXNativeTarget "SimpleCommunication WatchKit App" */ = {
			isa = XCConfigurationList;
			buildConfigurations = (
				6ECDFE2922C7CA3700C98B51 /* Debug */,
				6ECDFE2A22C7CA3700C98B51 /* Release */,
			);
			defaultConfigurationIsVisible = 0;
			defaultConfigurationName = Release;
		};
		6ECDFE2C22C7CA3700C98B51 /* Build configuration list for PBXNativeTarget "SimpleCommunication" */ = {
			isa = XCConfigurationList;
			buildConfigurations = (
				6ECDFE2D22C7CA3700C98B51 /* Debug */,
				6ECDFE2E22C7CA3700C98B51 /* Release */,
			);
			defaultConfigurationIsVisible = 0;
			defaultConfigurationName = Release;
		};
/* End XCConfigurationList section */
	};
	rootObject = 6ECDFDED22C7CA3500C98B51 /* Project object */;
}
